
Microsoft Visual Studio Solution File, Format Version 12.00
# Visual Studio Version 16
VisualStudioVersion = 16.0.30204.135
MinimumVisualStudioVersion = 10.0.40219.1
Project("{FAE04EC0-301F-11D3-BF4B-00C04F79EFBC}") = "WinformLesson3.2", "WinformLesson3.2\WinformLesson3.2.csproj", "{4AA390BB-60D2-47D7-974F-891B3F0D452E}"
EndProject
Global
	GlobalSection(SolutionConfigurationPlatforms) = preSolution
		Debug|Any CPU = Debug|Any CPU
		Release|Any CPU = Release|Any CPU
	EndGlobalSection
	GlobalSection(ProjectConfigurationPlatforms) = postSolution
		{4AA390BB-60D2-47D7-974F-891B3F0D452E}.Debug|Any CPU.ActiveCfg = Debug|Any CPU
		{4AA390BB-60D2-47D7-974F-891B3F0D452E}.Debug|Any CPU.Build.0 = Debug|Any CPU
		{4AA390BB-60D2-47D7-974F-891B3F0D452E}.Release|Any CPU.ActiveCfg = Release|Any CPU
		{4AA390BB-60D2-47D7-974F-891B3F0D452E}.Release|Any CPU.Build.0 = Release|Any CPU
	EndGlobalSection
	GlobalSection(SolutionProperties) = preSolution
		HideSolutionNode = FALSE
	EndGlobalSection
	GlobalSection(ExtensibilityGlobals) = postSolution
		SolutionGuid = {CC728F97-4021-4D51-B10D-3B435CDF803E}
	EndGlobalSection
EndGlobal
